
Microsoft Visual Studio Solution File, Format Version 12.00
# Visual Studio Version 17
VisualStudioVersion = 17.7.34221.43
MinimumVisualStudioVersion = 10.0.40219.1
Project("{FAE04EC0-301F-11D3-BF4B-00C04F79EFBC}") = "DatabasePerp", "DatabasePerp.csproj", "{C835810F-FD35-4A98-A329-E6C1F7294BDB}"
EndProject
Global
	GlobalSection(SolutionConfigurationPlatforms) = preSolution
		Debug|Any CPU = Debug|Any CPU
		Release|Any CPU = Release|Any CPU
	EndGlobalSection
	GlobalSection(ProjectConfigurationPlatforms) = postSolution
		{C835810F-FD35-4A98-A329-E6C1F7294BDB}.Debug|Any CPU.ActiveCfg = Debug|Any CPU
		{C835810F-FD35-4A98-A329-E6C1F7294BDB}.Debug|Any CPU.Build.0 = Debug|Any CPU
		{C835810F-FD35-4A98-A329-E6C1F7294BDB}.Release|Any CPU.ActiveCfg = Release|Any CPU
		{C835810F-FD35-4A98-A329-E6C1F7294BDB}.Release|Any CPU.Build.0 = Release|Any CPU
	EndGlobalSection
	GlobalSection(SolutionProperties) = preSolution
		HideSolutionNode = FALSE
	EndGlobalSection
	GlobalSection(ExtensibilityGlobals) = postSolution
		SolutionGuid = {1E7A1258-C7F3-4401-95BC-0145C0A4B325}
	EndGlobalSection
EndGlobal
